{
  "lib/kettle/family/local_install.rb:410700395": [
    [81, 11, 10, "ThreadSafety/NewThread: Avoid starting new threads.", 3411682361],
    [117, 9, 46, "Style/ComparableClamp: Use `Comparable#clamp` instead.", 2470481234]
  ],
  "lib/kettle/family/workflow.rb:2525681106": [
    [118, 11, 10, "ThreadSafety/NewThread: Avoid starting new threads.", 3411682361],
    [156, 9, 45, "Style/ComparableClamp: Use `Comparable#clamp` instead.", 1055890964],
    [269, 11, 10, "ThreadSafety/NewThread: Avoid starting new threads.", 3411682361],
    [353, 9, 44, "Style/ComparableClamp: Use `Comparable#clamp` instead.", 3945742094]
  ],
  "spec/kettle/family/command_runner_spec.rb:3088410374": [
    [269, 13, 10, "ThreadSafety/NewThread: Avoid starting new threads.", 3411682361],
    [274, 14, 10, "ThreadSafety/NewThread: Avoid starting new threads.", 3411682361],
    [295, 13, 10, "ThreadSafety/NewThread: Avoid starting new threads.", 3411682361],
    [302, 14, 10, "ThreadSafety/NewThread: Avoid starting new threads.", 3411682361]
  ],
  "spec/kettle/family/local_install_spec.rb:550218900": [
    [80, 14, 10, "ThreadSafety/NewThread: Avoid starting new threads.", 3411682361]
  ],
  "spec/kettle/family/workflow_template_spec.rb:2722464793": [
    [57, 3, 589, "RSpec/RepeatedExample: Don't repeat examples within an example group. Repeated on line(s) 288.", 945101185],
    [288, 3, 559, "RSpec/RepeatedExample: Don't repeat examples within an example group. Repeated on line(s) 57.", 2773588769]
  ]
}
